
Microsoft Visual Studio Solution File, Format Version 12.00
# Visual Studio 15
VisualStudioVersion = 15.0.27130.2036
MinimumVisualStudioVersion = 10.0.40219.1
Project("{FAE04EC0-301F-11D3-BF4B-00C04F79EFBC}") = "Elli.Api.Base", "Elli.Api\Elli.Api.Base.csproj", "{C5FA2E02-3097-4C6C-A6E2-8394CEB0C406}"
EndProject
Project("{2150E333-8FDC-42A3-9474-1A3956D46DE8}") = "OAuth", "OAuth", "{7C208C6A-C268-46F3-A7C9-22AB88573DF0}"
EndProject
Project("{FAE04EC0-301F-11D3-BF4B-00C04F79EFBC}") = "Elli.Api.OAuth", "Elli.Api.OAuth\src\Elli.Api.OAuth\Elli.Api.OAuth.csproj", "{9BA3EBBC-134B-4F90-A577-0B75E3871983}"
EndProject
Project("{2150E333-8FDC-42A3-9474-1A3956D46DE8}") = "Loans", "Loans", "{F69726B6-DB5E-4456-8E91-DD419156E28A}"
EndProject
Project("{FAE04EC0-301F-11D3-BF4B-00C04F79EFBC}") = "Elli.Api.Loans", "Elli.Api.Loans\src\Elli.Api.Loans\Elli.Api.Loans.csproj", "{80D445CE-5ABC-430E-8E24-9BC9EEC7A18C}"
EndProject
Project("{FAE04EC0-301F-11D3-BF4B-00C04F79EFBC}") = "Elli.Api.Loans.Pipeline", "Elli.Api.Loans.Pipeline\src\Elli.Api.Loans.Pipeline\Elli.Api.Loans.Pipeline.csproj", "{0BD1ACC1-4ADD-4D41-A549-B74B3DC26FEF}"
EndProject
Project("{FAE04EC0-301F-11D3-BF4B-00C04F79EFBC}") = "Elli.Api.Loans.EFolder", "Elli.Api.Loans.EFolder\src\Elli.Api.Loans.EFolder\Elli.Api.Loans.EFolder.csproj", "{E45E1B0A-E436-4051-BC91-0B28C9CDDF43}"
EndProject
Project("{2150E333-8FDC-42A3-9474-1A3956D46DE8}") = "Services", "Services", "{F652FFD6-89B7-4C38-ABFE-3796B75DAA9D}"
EndProject
Project("{FAE04EC0-301F-11D3-BF4B-00C04F79EFBC}") = "Elli.Api.Services", "Elli.Api.Services\src\Elli.Api.Services\Elli.Api.Services.csproj", "{0AB9F653-CF63-468B-81F5-9878526BB320}"
EndProject
Project("{FAE04EC0-301F-11D3-BF4B-00C04F79EFBC}") = "Elli.Api.CustomDataObjects", "Elli.Api.CustomDataObjects\src\Elli.Api.CustomDataObjects\Elli.Api.CustomDataObjects.csproj", "{C35AF21E-76F6-4F74-A94E-5FD15FB79AD8}"
EndProject
Project("{2150E333-8FDC-42A3-9474-1A3956D46DE8}") = "Contacts", "Contacts", "{CA0B045F-A7BF-4153-BF75-D1B794CB7367}"
EndProject
Project("{FAE04EC0-301F-11D3-BF4B-00C04F79EFBC}") = "Elli.Api.Contacts", "Elli.Api.Contacts\src\Elli.Api.Contacts\Elli.Api.Contacts.csproj", "{C0A6FAD1-DCB3-468D-8BFD-9C2129D698CF}"
EndProject
Global
	GlobalSection(SolutionConfigurationPlatforms) = preSolution
		Debug|Any CPU = Debug|Any CPU
		Release|Any CPU = Release|Any CPU
	EndGlobalSection
	GlobalSection(ProjectConfigurationPlatforms) = postSolution
		{C5FA2E02-3097-4C6C-A6E2-8394CEB0C406}.Debug|Any CPU.ActiveCfg = Debug|Any CPU
		{C5FA2E02-3097-4C6C-A6E2-8394CEB0C406}.Debug|Any CPU.Build.0 = Debug|Any CPU
		{C5FA2E02-3097-4C6C-A6E2-8394CEB0C406}.Release|Any CPU.ActiveCfg = Release|Any CPU
		{C5FA2E02-3097-4C6C-A6E2-8394CEB0C406}.Release|Any CPU.Build.0 = Release|Any CPU
		{9BA3EBBC-134B-4F90-A577-0B75E3871983}.Debug|Any CPU.ActiveCfg = Debug|Any CPU
		{9BA3EBBC-134B-4F90-A577-0B75E3871983}.Debug|Any CPU.Build.0 = Debug|Any CPU
		{9BA3EBBC-134B-4F90-A577-0B75E3871983}.Release|Any CPU.ActiveCfg = Release|Any CPU
		{9BA3EBBC-134B-4F90-A577-0B75E3871983}.Release|Any CPU.Build.0 = Release|Any CPU
		{80D445CE-5ABC-430E-8E24-9BC9EEC7A18C}.Debug|Any CPU.ActiveCfg = Debug|Any CPU
		{80D445CE-5ABC-430E-8E24-9BC9EEC7A18C}.Debug|Any CPU.Build.0 = Debug|Any CPU
		{80D445CE-5ABC-430E-8E24-9BC9EEC7A18C}.Release|Any CPU.ActiveCfg = Release|Any CPU
		{80D445CE-5ABC-430E-8E24-9BC9EEC7A18C}.Release|Any CPU.Build.0 = Release|Any CPU
		{0BD1ACC1-4ADD-4D41-A549-B74B3DC26FEF}.Debug|Any CPU.ActiveCfg = Debug|Any CPU
		{0BD1ACC1-4ADD-4D41-A549-B74B3DC26FEF}.Debug|Any CPU.Build.0 = Debug|Any CPU
		{0BD1ACC1-4ADD-4D41-A549-B74B3DC26FEF}.Release|Any CPU.ActiveCfg = Release|Any CPU
		{0BD1ACC1-4ADD-4D41-A549-B74B3DC26FEF}.Release|Any CPU.Build.0 = Release|Any CPU
		{E45E1B0A-E436-4051-BC91-0B28C9CDDF43}.Debug|Any CPU.ActiveCfg = Debug|Any CPU
		{E45E1B0A-E436-4051-BC91-0B28C9CDDF43}.Debug|Any CPU.Build.0 = Debug|Any CPU
		{E45E1B0A-E436-4051-BC91-0B28C9CDDF43}.Release|Any CPU.ActiveCfg = Release|Any CPU
		{E45E1B0A-E436-4051-BC91-0B28C9CDDF43}.Release|Any CPU.Build.0 = Release|Any CPU
		{0AB9F653-CF63-468B-81F5-9878526BB320}.Debug|Any CPU.ActiveCfg = Debug|Any CPU
		{0AB9F653-CF63-468B-81F5-9878526BB320}.Debug|Any CPU.Build.0 = Debug|Any CPU
		{0AB9F653-CF63-468B-81F5-9878526BB320}.Release|Any CPU.ActiveCfg = Release|Any CPU
		{0AB9F653-CF63-468B-81F5-9878526BB320}.Release|Any CPU.Build.0 = Release|Any CPU
		{C35AF21E-76F6-4F74-A94E-5FD15FB79AD8}.Debug|Any CPU.ActiveCfg = Debug|Any CPU
		{C35AF21E-76F6-4F74-A94E-5FD15FB79AD8}.Debug|Any CPU.Build.0 = Debug|Any CPU
		{C35AF21E-76F6-4F74-A94E-5FD15FB79AD8}.Release|Any CPU.ActiveCfg = Release|Any CPU
		{C35AF21E-76F6-4F74-A94E-5FD15FB79AD8}.Release|Any CPU.Build.0 = Release|Any CPU
		{C0A6FAD1-DCB3-468D-8BFD-9C2129D698CF}.Debug|Any CPU.ActiveCfg = Debug|Any CPU
		{C0A6FAD1-DCB3-468D-8BFD-9C2129D698CF}.Debug|Any CPU.Build.0 = Debug|Any CPU
		{C0A6FAD1-DCB3-468D-8BFD-9C2129D698CF}.Release|Any CPU.ActiveCfg = Release|Any CPU
		{C0A6FAD1-DCB3-468D-8BFD-9C2129D698CF}.Release|Any CPU.Build.0 = Release|Any CPU
	EndGlobalSection
	GlobalSection(SolutionProperties) = preSolution
		HideSolutionNode = FALSE
	EndGlobalSection
	GlobalSection(NestedProjects) = preSolution
		{9BA3EBBC-134B-4F90-A577-0B75E3871983} = {7C208C6A-C268-46F3-A7C9-22AB88573DF0}
		{80D445CE-5ABC-430E-8E24-9BC9EEC7A18C} = {F69726B6-DB5E-4456-8E91-DD419156E28A}
		{0BD1ACC1-4ADD-4D41-A549-B74B3DC26FEF} = {F69726B6-DB5E-4456-8E91-DD419156E28A}
		{E45E1B0A-E436-4051-BC91-0B28C9CDDF43} = {F69726B6-DB5E-4456-8E91-DD419156E28A}
		{0AB9F653-CF63-468B-81F5-9878526BB320} = {F652FFD6-89B7-4C38-ABFE-3796B75DAA9D}
		{C35AF21E-76F6-4F74-A94E-5FD15FB79AD8} = {F69726B6-DB5E-4456-8E91-DD419156E28A}
		{C0A6FAD1-DCB3-468D-8BFD-9C2129D698CF} = {CA0B045F-A7BF-4153-BF75-D1B794CB7367}
	EndGlobalSection
	GlobalSection(ExtensibilityGlobals) = postSolution
		SolutionGuid = {F8ED1CD1-A918-4561-BD13-4DE325C03005}
	EndGlobalSection
EndGlobal
